PODS:
  - ACPCore (2.9.3):
    - ACPCore/main (= 2.9.3)
  - ACPCore/main (2.9.3)
  - AEPCore (3.1.2):
    - AEPRulesEngine (= 1.0.0)
    - AEPServices (= 3.1.2)
  - AEPIdentity (3.1.2):
    - AEPCore (= 3.1.2)
  - AEPLifecycle (3.1.2):
    - AEPCore (= 3.1.2)
  - AEPRulesEngine (1.0.0)
  - AEPServices (3.1.2)

DEPENDENCIES:
  - ACPCore
  - AEPCore
  - AEPIdentity
  - AEPLifecycle
  - AEPRulesEngine
  - AEPServices

SPEC REPOS:
  https://github.com/CocoaPods/Specs.git:
    - ACPCore
    - AEPCore
    - AEPIdentity
    - AEPLifecycle
    - AEPRulesEngine
    - AEPServices

SPEC CHECKSUMS:
  ACPCore: 5f00fcf7aba597b29b359e4c14f7f4f1f95503f3
  AEPCore: d85439869b2f9bcb9d84c1662ced049dd5fa9b56
  AEPIdentity: 0102f7e5d0302d5b99cdd34c8ea6c5598ed222d2
  AEPLifecycle: fdcd802351bec596be0f2365fd21a6f342318a51
  AEPRulesEngine: 8bbc694fce6900cd33b2496c7d4b33ee2eeffc46
  AEPServices: 891fc1fb2e2ecacf02f293d1a7f3c478dc4d338b

PODFILE CHECKSUM: 475662d4fbb088c3c6d096df11c31405983609fe

COCOAPODS: 1.10.1
